
Microsoft Visual Studio Solution File, Format Version 12.00
# Visual Studio Version 17
VisualStudioVersion = 17.12.35506.116
MinimumVisualStudioVersion = 10.0.40219.1
Project("{9A19103F-16F7-4668-BE54-9A1E7A4F7556}") = "CurrencySpender", "CurrencySpender\CurrencySpender.csproj", "{13C812E9-0D42-4B95-8646-40EEBF30636F}"
EndProject
Project("{FAE04EC0-301F-11D3-BF4B-00C04F79EFBC}") = "ECommons", "ECommons\ECommons\ECommons.csproj", "{8215F062-1000-4041-9AD9-F11852386EEB}"
EndProject
Project("{9A19103F-16F7-4668-BE54-9A1E7A4F7556}") = "InteropGenerator", "FFXIVClientStructs\InteropGenerator\InteropGenerator.csproj", "{1C8DE1C3-A80F-4BAA-BE30-A6FCFE53B61F}"
EndProject
Project("{9A19103F-16F7-4668-BE54-9A1E7A4F7556}") = "InteropGenerator.Runtime", "FFXIVClientStructs\InteropGenerator.Runtime\InteropGenerator.Runtime.csproj", "{D6125D41-88CC-4DFE-B3C7-B5B51E5701B4}"
EndProject
Project("{9A19103F-16F7-4668-BE54-9A1E7A4F7556}") = "FFXIVClientStructs", "FFXIVClientStructs\FFXIVClientStructs\FFXIVClientStructs.csproj", "{C36F8189-78F5-4DF5-B544-C0EA16F5851E}"
EndProject
Project("{9A19103F-16F7-4668-BE54-9A1E7A4F7556}") = "FFXIVClientStructs.Generators", "FFXIVClientStructs\FFXIVClientStructs.Generators\FFXIVClientStructs.Generators.csproj", "{4A4E42E1-D93C-4356-93CB-801166EF94DC}"
EndProject
Global
	GlobalSection(SolutionConfigurationPlatforms) = preSolution
		Debug|x64 = Debug|x64
		Release|x64 = Release|x64
	EndGlobalSection
	GlobalSection(ProjectConfigurationPlatforms) = postSolution
		{13C812E9-0D42-4B95-8646-40EEBF30636F}.Debug|x64.ActiveCfg = Debug|x64
		{13C812E9-0D42-4B95-8646-40EEBF30636F}.Debug|x64.Build.0 = Debug|x64
		{13C812E9-0D42-4B95-8646-40EEBF30636F}.Release|x64.ActiveCfg = Release|x64
		{13C812E9-0D42-4B95-8646-40EEBF30636F}.Release|x64.Build.0 = Release|x64
		{8215F062-1000-4041-9AD9-F11852386EEB}.Debug|x64.ActiveCfg = Debug|x64
		{8215F062-1000-4041-9AD9-F11852386EEB}.Debug|x64.Build.0 = Debug|x64
		{8215F062-1000-4041-9AD9-F11852386EEB}.Release|x64.ActiveCfg = Release|x64
		{8215F062-1000-4041-9AD9-F11852386EEB}.Release|x64.Build.0 = Release|x64
		{1C8DE1C3-A80F-4BAA-BE30-A6FCFE53B61F}.Debug|x64.ActiveCfg = Debug|Any CPU
		{1C8DE1C3-A80F-4BAA-BE30-A6FCFE53B61F}.Debug|x64.Build.0 = Debug|Any CPU
		{1C8DE1C3-A80F-4BAA-BE30-A6FCFE53B61F}.Release|x64.ActiveCfg = Release|Any CPU
		{1C8DE1C3-A80F-4BAA-BE30-A6FCFE53B61F}.Release|x64.Build.0 = Release|Any CPU
		{D6125D41-88CC-4DFE-B3C7-B5B51E5701B4}.Debug|x64.ActiveCfg = Debug|Any CPU
		{D6125D41-88CC-4DFE-B3C7-B5B51E5701B4}.Debug|x64.Build.0 = Debug|Any CPU
		{D6125D41-88CC-4DFE-B3C7-B5B51E5701B4}.Release|x64.ActiveCfg = Release|Any CPU
		{D6125D41-88CC-4DFE-B3C7-B5B51E5701B4}.Release|x64.Build.0 = Release|Any CPU
		{C36F8189-78F5-4DF5-B544-C0EA16F5851E}.Debug|x64.ActiveCfg = Debug|Any CPU
		{C36F8189-78F5-4DF5-B544-C0EA16F5851E}.Debug|x64.Build.0 = Debug|Any CPU
		{C36F8189-78F5-4DF5-B544-C0EA16F5851E}.Release|x64.ActiveCfg = Release|Any CPU
		{C36F8189-78F5-4DF5-B544-C0EA16F5851E}.Release|x64.Build.0 = Release|Any CPU
		{4A4E42E1-D93C-4356-93CB-801166EF94DC}.Debug|x64.ActiveCfg = Debug|Any CPU
		{4A4E42E1-D93C-4356-93CB-801166EF94DC}.Debug|x64.Build.0 = Debug|Any CPU
		{4A4E42E1-D93C-4356-93CB-801166EF94DC}.Release|x64.ActiveCfg = Release|Any CPU
		{4A4E42E1-D93C-4356-93CB-801166EF94DC}.Release|x64.Build.0 = Release|Any CPU
	EndGlobalSection
	GlobalSection(SolutionProperties) = preSolution
		HideSolutionNode = FALSE
	EndGlobalSection
	GlobalSection(ExtensibilityGlobals) = postSolution
		SolutionGuid = {B17E85B1-5F60-4440-9F9A-3DDE877E8CDF}
	EndGlobalSection
EndGlobal
